// !$*UTF8*$!
{
	archiveVersion = 1;
	classes = {
	};
	objectVersion = 50;
	objects = {

/* Begin PBXBuildFile section */
		F80C2E162694CD470015A69A /* Conversations.storyboard in Resources */ = {isa = PBXBuildFile; fileRef = F80C2E152694CD470015A69A /* Conversations.storyboard */; };
		F81B0C5026949A2E001E23D6 /* ConversationsListVC.swift in Sources */ = {isa = PBXBuildFile; fileRef = F81B0C4F26949A2E001E23D6 /* ConversationsListVC.swift */; };
		F8219EEB269B3CF1000A1204 /* ConversationCellConfiguration.swift in Sources */ = {isa = PBXBuildFile; fileRef = F8219EEA269B3CF1000A1204 /* ConversationCellConfiguration.swift */; };
		F8219EED269B3D3A000A1204 /* MessageCellConfiguration.swift in Sources */ = {isa = PBXBuildFile; fileRef = F8219EEC269B3D3A000A1204 /* MessageCellConfiguration.swift */; };
		F84B083C2688DD650069A100 /* AppDelegate.swift in Sources */ = {isa = PBXBuildFile; fileRef = F84B083B2688DD650069A100 /* AppDelegate.swift */; };
		F84B08432688DD650069A100 /* ProfileVC.storyboard in Resources */ = {isa = PBXBuildFile; fileRef = F84B08412688DD650069A100 /* ProfileVC.storyboard */; };
		F84B08482688DD690069A100 /* LaunchScreen.storyboard in Resources */ = {isa = PBXBuildFile; fileRef = F84B08462688DD690069A100 /* LaunchScreen.storyboard */; };
		F87E64EC268E06FC000BF219 /* ProfileVC.swift in Sources */ = {isa = PBXBuildFile; fileRef = F87E64EB268E06FC000BF219 /* ProfileVC.swift */; };
		F89BF6D12698681000E260E4 /* Model.swift in Sources */ = {isa = PBXBuildFile; fileRef = F89BF6D02698681000E260E4 /* Model.swift */; };
		F8D2487B269744A5008E67A7 /* CustomTableViewCell.swift in Sources */ = {isa = PBXBuildFile; fileRef = F8D24879269744A5008E67A7 /* CustomTableViewCell.swift */; };
		F8D2487C269744A5008E67A7 /* CustomTableViewCell.xib in Resources */ = {isa = PBXBuildFile; fileRef = F8D2487A269744A5008E67A7 /* CustomTableViewCell.xib */; };
		F8E98493269B93ED0003FD1E /* Conversation.storyboard in Resources */ = {isa = PBXBuildFile; fileRef = F8E98492269B93ED0003FD1E /* Conversation.storyboard */; };
		F8E98495269B98950003FD1E /* ConversationVC.swift in Sources */ = {isa = PBXBuildFile; fileRef = F8E98494269B98950003FD1E /* ConversationVC.swift */; };
		F8ED4267268FD1520039294B /* Assets.xcassets in Resources */ = {isa = PBXBuildFile; fileRef = F8ED4266268FD1520039294B /* Assets.xcassets */; };
/* End PBXBuildFile section */

/* Begin PBXFileReference section */
		F80C2E152694CD470015A69A /* Conversations.storyboard */ = {isa = PBXFileReference; lastKnownFileType = file.storyboard; path = Conversations.storyboard; sourceTree = "<group>"; };
		F81B0C4F26949A2E001E23D6 /* ConversationsListVC.swift */ = {isa = PBXFileReference; lastKnownFileType = sourcecode.swift; path = ConversationsListVC.swift; sourceTree = "<group>"; tabWidth = 4; };
		F8219EEA269B3CF1000A1204 /* ConversationCellConfiguration.swift */ = {isa = PBXFileReference; lastKnownFileType = sourcecode.swift; path = ConversationCellConfiguration.swift; sourceTree = "<group>"; };
		F8219EEC269B3D3A000A1204 /* MessageCellConfiguration.swift */ = {isa = PBXFileReference; lastKnownFileType = sourcecode.swift; path = MessageCellConfiguration.swift; sourceTree = "<group>"; };
		F84B08382688DD650069A100 /* TinkoffChat.app */ = {isa = PBXFileReference; explicitFileType = wrapper.application; includeInIndex = 0; path = TinkoffChat.app; sourceTree = BUILT_PRODUCTS_DIR; };
		F84B083B2688DD650069A100 /* AppDelegate.swift */ = {isa = PBXFileReference; lastKnownFileType = sourcecode.swift; path = AppDelegate.swift; sourceTree = "<group>"; };
		F84B08422688DD650069A100 /* Base */ = {isa = PBXFileReference; lastKnownFileType = file.storyboard; name = Base; path = Base.lproj/ProfileVC.storyboard; sourceTree = "<group>"; };
		F84B08472688DD690069A100 /* Base */ = {isa = PBXFileReference; lastKnownFileType = file.storyboard; name = Base; path = Base.lproj/LaunchScreen.storyboard; sourceTree = "<group>"; };
		F84B08492688DD690069A100 /* Info.plist */ = {isa = PBXFileReference; lastKnownFileType = text.plist.xml; path = Info.plist; sourceTree = "<group>"; };
		F87E64EB268E06FC000BF219 /* ProfileVC.swift */ = {isa = PBXFileReference; lastKnownFileType = sourcecode.swift; path = ProfileVC.swift; sourceTree = "<group>"; };
		F89BF6D02698681000E260E4 /* Model.swift */ = {isa = PBXFileReference; lastKnownFileType = sourcecode.swift; path = Model.swift; sourceTree = "<group>"; };
		F8D24879269744A5008E67A7 /* CustomTableViewCell.swift */ = {isa = PBXFileReference; lastKnownFileType = sourcecode.swift; path = CustomTableViewCell.swift; sourceTree = "<group>"; };
		F8D2487A269744A5008E67A7 /* CustomTableViewCell.xib */ = {isa = PBXFileReference; lastKnownFileType = file.xib; path = CustomTableViewCell.xib; sourceTree = "<group>"; };
		F8E98492269B93ED0003FD1E /* Conversation.storyboard */ = {isa = PBXFileReference; lastKnownFileType = file.storyboard; path = Conversation.storyboard; sourceTree = "<group>"; };
		F8E98494269B98950003FD1E /* ConversationVC.swift */ = {isa = PBXFileReference; lastKnownFileType = sourcecode.swift; path = ConversationVC.swift; sourceTree = "<group>"; };
		F8ED4266268FD1520039294B /* Assets.xcassets */ = {isa = PBXFileReference; lastKnownFileType = folder.assetcatalog; path = Assets.xcassets; sourceTree = "<group>"; };
/* End PBXFileReference section */

/* Begin PBXFrameworksBuildPhase section */
		F84B08352688DD650069A100 /* Frameworks */ = {
			isa = PBXFrameworksBuildPhase;
			buildActionMask = 2147483647;
			files = (
			);
			runOnlyForDeploymentPostprocessing = 0;
		};
/* End PBXFrameworksBuildPhase section */

/* Begin PBXGroup section */
		F84B082F2688DD650069A100 = {
			isa = PBXGroup;
			children = (
				F84B083A2688DD650069A100 /* TinkoffChat */,
				F84B08392688DD650069A100 /* Products */,
			);
			sourceTree = "<group>";
		};
		F84B08392688DD650069A100 /* Products */ = {
			isa = PBXGroup;
			children = (
				F84B08382688DD650069A100 /* TinkoffChat.app */,
			);
			name = Products;
			sourceTree = "<group>";
		};
		F84B083A2688DD650069A100 /* TinkoffChat */ = {
			isa = PBXGroup;
			children = (
				F84B083B2688DD650069A100 /* AppDelegate.swift */,
				F8D2487F26976608008E67A7 /* Controller */,
				F8D2487E269765FD008E67A7 /* View */,
				F8D2487D269765EF008E67A7 /* Model */,
				F8ED4266268FD1520039294B /* Assets.xcassets */,
				F84B08462688DD690069A100 /* LaunchScreen.storyboard */,
				F84B08492688DD690069A100 /* Info.plist */,
			);
			path = TinkoffChat;
			sourceTree = "<group>";
		};
		F8D2487D269765EF008E67A7 /* Model */ = {
			isa = PBXGroup;
			children = (
				F8219EEA269B3CF1000A1204 /* ConversationCellConfiguration.swift */,
				F8219EEC269B3D3A000A1204 /* MessageCellConfiguration.swift */,
				F89BF6D02698681000E260E4 /* Model.swift */,
			);
			path = Model;
			sourceTree = "<group>";
		};
		F8D2487E269765FD008E67A7 /* View */ = {
			isa = PBXGroup;
			children = (
				F84B08412688DD650069A100 /* ProfileVC.storyboard */,
				F80C2E152694CD470015A69A /* Conversations.storyboard */,
				F8E98492269B93ED0003FD1E /* Conversation.storyboard */,
				F8D2487A269744A5008E67A7 /* CustomTableViewCell.xib */,
			);
			path = View;
			sourceTree = "<group>";
		};
		F8D2487F26976608008E67A7 /* Controller */ = {
			isa = PBXGroup;
			children = (
				F87E64EB268E06FC000BF219 /* ProfileVC.swift */,
				F81B0C4F26949A2E001E23D6 /* ConversationsListVC.swift */,
				F8E98494269B98950003FD1E /* ConversationVC.swift */,
				F8D24879269744A5008E67A7 /* CustomTableViewCell.swift */,
			);
			path = Controller;
			sourceTree = "<group>";
		};
/* End PBXGroup section */

/* Begin PBXNativeTarget section */
		F84B08372688DD650069A100 /* TinkoffChat */ = {
			isa = PBXNativeTarget;
			buildConfigurationList = F84B084C2688DD690069A100 /* Build configuration list for PBXNativeTarget "TinkoffChat" */;
			buildPhases = (
				F84B08342688DD650069A100 /* Sources */,
				F84B08352688DD650069A100 /* Frameworks */,
				F84B08362688DD650069A100 /* Resources */,
			);
			buildRules = (
			);
			dependencies = (
			);
			name = TinkoffChat;
			productName = TinkoffChat;
			productReference = F84B08382688DD650069A100 /* TinkoffChat.app */;
			productType = "com.apple.product-type.application";
		};
/* End PBXNativeTarget section */

/* Begin PBXProject section */
		F84B08302688DD650069A100 /* Project object */ = {
			isa = PBXProject;
			attributes = {
				LastSwiftUpdateCheck = 1250;
				LastUpgradeCheck = 1250;
				TargetAttributes = {
					F84B08372688DD650069A100 = {
						CreatedOnToolsVersion = 12.5;
					};
				};
			};
			buildConfigurationList = F84B08332688DD650069A100 /* Build configuration list for PBXProject "TinkoffChat" */;
			compatibilityVersion = "Xcode 9.3";
			developmentRegion = en;
			hasScannedForEncodings = 0;
			knownRegions = (
				en,
				Base,
			);
			mainGroup = F84B082F2688DD650069A100;
			productRefGroup = F84B08392688DD650069A100 /* Products */;
			projectDirPath = "";
			projectRoot = "";
			targets = (
				F84B08372688DD650069A100 /* TinkoffChat */,
			);
		};
/* End PBXProject section */

/* Begin PBXResourcesBuildPhase section */
		F84B08362688DD650069A100 /* Resources */ = {
			isa = PBXResourcesBuildPhase;
			buildActionMask = 2147483647;
			files = (
				F84B08482688DD690069A100 /* LaunchScreen.storyboard in Resources */,
				F80C2E162694CD470015A69A /* Conversations.storyboard in Resources */,
				F8ED4267268FD1520039294B /* Assets.xcassets in Resources */,
				F8E98493269B93ED0003FD1E /* Conversation.storyboard in Resources */,
				F8D2487C269744A5008E67A7 /* CustomTableViewCell.xib in Resources */,
				F84B08432688DD650069A100 /* ProfileVC.storyboard in Resources */,
			);
			runOnlyForDeploymentPostprocessing = 0;
		};
/* End PBXResourcesBuildPhase section */

/* Begin PBXSourcesBuildPhase section */
		F84B08342688DD650069A100 /* Sources */ = {
			isa = PBXSourcesBuildPhase;
			buildActionMask = 2147483647;
			files = (
				F87E64EC268E06FC000BF219 /* ProfileVC.swift in Sources */,
				F81B0C5026949A2E001E23D6 /* ConversationsListVC.swift in Sources */,
				F8D2487B269744A5008E67A7 /* CustomTableViewCell.swift in Sources */,
				F8E98495269B98950003FD1E /* ConversationVC.swift in Sources */,
				F89BF6D12698681000E260E4 /* Model.swift in Sources */,
				F8219EEB269B3CF1000A1204 /* ConversationCellConfiguration.swift in Sources */,
				F8219EED269B3D3A000A1204 /* MessageCellConfiguration.swift in Sources */,
				F84B083C2688DD650069A100 /* AppDelegate.swift in Sources */,
			);
			runOnlyForDeploymentPostprocessing = 0;
		};
/* End PBXSourcesBuildPhase section */

/* Begin PBXVariantGroup section */
		F84B08412688DD650069A100 /* ProfileVC.storyboard */ = {
			isa = PBXVariantGroup;
			children = (
				F84B08422688DD650069A100 /* Base */,
			);
			name = ProfileVC.storyboard;
			sourceTree = "<group>";
		};
		F84B08462688DD690069A100 /* LaunchScreen.storyboard */ = {
			isa = PBXVariantGroup;
			children = (
				F84B08472688DD690069A100 /* Base */,
			);
			name = LaunchScreen.storyboard;
			sourceTree = "<group>";
		};
/* End PBXVariantGroup section */

/* Begin XCBuildConfiguration section */
		F84B084A2688DD690069A100 /* Debug */ = {
			isa = XCBuildConfiguration;
			buildSettings = {
				ALWAYS_SEARCH_USER_PATHS = NO;
				CLANG_ANALYZER_NONNULL = YES;
				CLANG_ANALYZER_NUMBER_OBJECT_CONVERSION = YES_AGGRESSIVE;
				CLANG_CXX_LANGUAGE_STANDARD = "gnu++14";
				CLANG_CXX_LIBRARY = "libc++";
				CLANG_ENABLE_MODULES = YES;
				CLANG_ENABLE_OBJC_ARC = YES;
				CLANG_ENABLE_OBJC_WEAK = YES;
				CLANG_WARN_BLOCK_CAPTURE_AUTORELEASING = YES;
				CLANG_WARN_BOOL_CONVERSION = YES;
				CLANG_WARN_COMMA = YES;
				CLANG_WARN_CONSTANT_CONVERSION = YES;
				CLANG_WARN_DEPRECATED_OBJC_IMPLEMENTATIONS = YES;
				CLANG_WARN_DIRECT_OBJC_ISA_USAGE = YES_ERROR;
				CLANG_WARN_DOCUMENTATION_COMMENTS = YES;
				CLANG_WARN_EMPTY_BODY = YES;
				CLANG_WARN_ENUM_CONVERSION = YES;
				CLANG_WARN_INFINITE_RECURSION = YES;
				CLANG_WARN_INT_CONVERSION = YES;
				CLANG_WARN_NON_LITERAL_NULL_CONVERSION = YES;
				CLANG_WARN_OBJC_IMPLICIT_RETAIN_SELF = YES;
				CLANG_WARN_OBJC_LITERAL_CONVERSION = YES;
				CLANG_WARN_OBJC_ROOT_CLASS = YES_ERROR;
				CLANG_WARN_QUOTED_INCLUDE_IN_FRAMEWORK_HEADER = YES;
				CLANG_WARN_RANGE_LOOP_ANALYSIS = YES;
				CLANG_WARN_STRICT_PROTOTYPES = YES;
				CLANG_WARN_SUSPICIOUS_MOVE = YES;
				CLANG_WARN_UNGUARDED_AVAILABILITY = YES_AGGRESSIVE;
				CLANG_WARN_UNREACHABLE_CODE = YES;
				CLANG_WARN__DUPLICATE_METHOD_MATCH = YES;
				COPY_PHASE_STRIP = NO;
				DEBUG_INFORMATION_FORMAT = dwarf;
				ENABLE_STRICT_OBJC_MSGSEND = YES;
				ENABLE_TESTABILITY = YES;
				GCC_C_LANGUAGE_STANDARD = gnu11;
				GCC_DYNAMIC_NO_PIC = NO;
				GCC_NO_COMMON_BLOCKS = YES;
				GCC_OPTIMIZATION_LEVEL = 0;
				GCC_PREPROCESSOR_DEFINITIONS = (
					"DEBUG=1",
					"$(inherited)",
				);
				GCC_WARN_64_TO_32_BIT_CONVERSION = YES;
				GCC_WARN_ABOUT_RETURN_TYPE = YES_ERROR;
				GCC_WARN_UNDECLARED_SELECTOR = YES;
				GCC_WARN_UNINITIALIZED_AUTOS = YES_AGGRESSIVE;
				GCC_WARN_UNUSED_FUNCTION = YES;
				GCC_WARN_UNUSED_VARIABLE = YES;
				IPHONEOS_DEPLOYMENT_TARGET = 12.3;
				MTL_ENABLE_DEBUG_INFO = INCLUDE_SOURCE;
				MTL_FAST_MATH = YES;
				ONLY_ACTIVE_ARCH = YES;
				SDKROOT = iphoneos;
				SWIFT_ACTIVE_COMPILATION_CONDITIONS = DEBUG;
				SWIFT_OPTIMIZATION_LEVEL = "-Onone";
			};
			name = Debug;
		};
		F84B084B2688DD690069A100 /* Release */ = {
			isa = XCBuildConfiguration;
			buildSettings = {
				ALWAYS_SEARCH_USER_PATHS = NO;
				CLANG_ANALYZER_NONNULL = YES;
				CLANG_ANALYZER_NUMBER_OBJECT_CONVERSION = YES_AGGRESSIVE;
				CLANG_CXX_LANGUAGE_STANDARD = "gnu++14";
				CLANG_CXX_LIBRARY = "libc++";
				CLANG_ENABLE_MODULES = YES;
				CLANG_ENABLE_OBJC_ARC = YES;
				CLANG_ENABLE_OBJC_WEAK = YES;
				CLANG_WARN_BLOCK_CAPTURE_AUTORELEASING = YES;
				CLANG_WARN_BOOL_CONVERSION = YES;
				CLANG_WARN_COMMA = YES;
				CLANG_WARN_CONSTANT_CONVERSION = YES;
				CLANG_WARN_DEPRECATED_OBJC_IMPLEMENTATIONS = YES;
				CLANG_WARN_DIRECT_OBJC_ISA_USAGE = YES_ERROR;
				CLANG_WARN_DOCUMENTATION_COMMENTS = YES;
				CLANG_WARN_EMPTY_BODY = YES;
				CLANG_WARN_ENUM_CONVERSION = YES;
				CLANG_WARN_INFINITE_RECURSION = YES;
				CLANG_WARN_INT_CONVERSION = YES;
				CLANG_WARN_NON_LITERAL_NULL_CONVERSION = YES;
				CLANG_WARN_OBJC_IMPLICIT_RETAIN_SELF = YES;
				CLANG_WARN_OBJC_LITERAL_CONVERSION = YES;
				CLANG_WARN_OBJC_ROOT_CLASS = YES_ERROR;
				CLANG_WARN_QUOTED_INCLUDE_IN_FRAMEWORK_HEADER = YES;
				CLANG_WARN_RANGE_LOOP_ANALYSIS = YES;
				CLANG_WARN_STRICT_PROTOTYPES = YES;
				CLANG_WARN_SUSPICIOUS_MOVE = YES;
				CLANG_WARN_UNGUARDED_AVAILABILITY = YES_AGGRESSIVE;
				CLANG_WARN_UNREACHABLE_CODE = YES;
				CLANG_WARN__DUPLICATE_METHOD_MATCH = YES;
				COPY_PHASE_STRIP = NO;
				DEBUG_INFORMATION_FORMAT = "dwarf-with-dsym";
				ENABLE_NS_ASSERTIONS = NO;
				ENABLE_STRICT_OBJC_MSGSEND = YES;
				GCC_C_LANGUAGE_STANDARD = gnu11;
				GCC_NO_COMMON_BLOCKS = YES;
				GCC_WARN_64_TO_32_BIT_CONVERSION = YES;
				GCC_WARN_ABOUT_RETURN_TYPE = YES_ERROR;
				GCC_WARN_UNDECLARED_SELECTOR = YES;
				GCC_WARN_UNINITIALIZED_AUTOS = YES_AGGRESSIVE;
				GCC_WARN_UNUSED_FUNCTION = YES;
				GCC_WARN_UNUSED_VARIABLE = YES;
				IPHONEOS_DEPLOYMENT_TARGET = 12.3;
				MTL_ENABLE_DEBUG_INFO = NO;
				MTL_FAST_MATH = YES;
				SDKROOT = iphoneos;
				SWIFT_COMPILATION_MODE = wholemodule;
				SWIFT_OPTIMIZATION_LEVEL = "-O";
				VALIDATE_PRODUCT = YES;
			};
			name = Release;
		};
		F84B084D2688DD690069A100 /* Debug */ = {
			isa = XCBuildConfiguration;
			buildSettings = {
				ASSETCATALOG_COMPILER_APPICON_NAME = AppIcon;
				ASSETCATALOG_COMPILER_GLOBAL_ACCENT_COLOR_NAME = AccentColor;
				CODE_SIGN_STYLE = Automatic;
				DEVELOPMENT_TEAM = LT87YDT78B;
				INFOPLIST_FILE = TinkoffChat/Info.plist;
				IPHONEOS_DEPLOYMENT_TARGET = 12.3;
				LD_RUNPATH_SEARCH_PATHS = (
					"$(inherited)",
					"@executable_path/Frameworks",
				);
				PRODUCT_BUNDLE_IDENTIFIER = Alex.TinkoffChat;
				PRODUCT_NAME = "$(TARGET_NAME)";
				SWIFT_VERSION = 5.0;
				TARGETED_DEVICE_FAMILY = 1;
			};
			name = Debug;
		};
		F84B084E2688DD690069A100 /* Release */ = {
			isa = XCBuildConfiguration;
			buildSettings = {
				ASSETCATALOG_COMPILER_APPICON_NAME = AppIcon;
				ASSETCATALOG_COMPILER_GLOBAL_ACCENT_COLOR_NAME = AccentColor;
				CODE_SIGN_STYLE = Automatic;
				DEVELOPMENT_TEAM = LT87YDT78B;
				INFOPLIST_FILE = TinkoffChat/Info.plist;
				IPHONEOS_DEPLOYMENT_TARGET = 12.3;
				LD_RUNPATH_SEARCH_PATHS = (
					"$(inherited)",
					"@executable_path/Frameworks",
				);
				PRODUCT_BUNDLE_IDENTIFIER = Alex.TinkoffChat;
				PRODUCT_NAME = "$(TARGET_NAME)";
				SWIFT_VERSION = 5.0;
				TARGETED_DEVICE_FAMILY = 1;
			};
			name = Release;
		};
/* End XCBuildConfiguration section */

/* Begin XCConfigurationList section */
		F84B08332688DD650069A100 /* Build configuration list for PBXProject "TinkoffChat" */ = {
			isa = XCConfigurationList;
			buildConfigurations = (
				F84B084A2688DD690069A100 /* Debug */,
				F84B084B2688DD690069A100 /* Release */,
			);
			defaultConfigurationIsVisible = 0;
			defaultConfigurationName = Release;
		};
		F84B084C2688DD690069A100 /* Build configuration list for PBXNativeTarget "TinkoffChat" */ = {
			isa = XCConfigurationList;
			buildConfigurations = (
				F84B084D2688DD690069A100 /* Debug */,
				F84B084E2688DD690069A100 /* Release */,
			);
			defaultConfigurationIsVisible = 0;
			defaultConfigurationName = Release;
		};
/* End XCConfigurationList section */
	};
	rootObject = F84B08302688DD650069A100 /* Project object */;
}
